
Microsoft Visual Studio Solution File, Format Version 12.00
# Visual Studio 15
VisualStudioVersion = 15.0.26124.0
MinimumVisualStudioVersion = 15.0.26124.0
Project("{2150E333-8FDC-42A3-9474-1A3956D46DE8}") = "src", "src", "{2E0E1782-7C75-4AB1-9752-B14B5AAB51BA}"
EndProject
Project("{FAE04EC0-301F-11D3-BF4B-00C04F79EFBC}") = "CodeChallenge.Common", "src\CodeChallenge.Common\CodeChallenge.Common.csproj", "{3321230E-AF40-4019-8F9D-A5EEA2A3C759}"
EndProject
Project("{2150E333-8FDC-42A3-9474-1A3956D46DE8}") = "CodeChallenge.Services.Task", "CodeChallenge.Services.Task", "{AFC229EC-88E3-4AC8-A7CC-CED91872032F}"
EndProject
Project("{FAE04EC0-301F-11D3-BF4B-00C04F79EFBC}") = "Task.Api", "src\CodeChallenge.Services.Task\Task.Api\Task.Api.csproj", "{87AA8235-C1E8-4A2F-96FA-C50644A9CA39}"
EndProject
Project("{2150E333-8FDC-42A3-9474-1A3956D46DE8}") = "CodeChallenge.Infrastructure.DistributedExceptionHandler", "CodeChallenge.Infrastructure.DistributedExceptionHandler", "{83674AD8-712D-4A67-B790-66325E81FD54}"
EndProject
Project("{FAE04EC0-301F-11D3-BF4B-00C04F79EFBC}") = "DistributedExceptionHandler", "src\CodeChallenge.Infrastructure.DistributedExceptionHandler\DistributedExceptionHandler\DistributedExceptionHandler.csproj", "{5AF91D3C-27D3-4B1A-8D88-AFD3E977AFF1}"
EndProject
Global
	GlobalSection(SolutionConfigurationPlatforms) = preSolution
		Debug|Any CPU = Debug|Any CPU
		Debug|x64 = Debug|x64
		Debug|x86 = Debug|x86
		Release|Any CPU = Release|Any CPU
		Release|x64 = Release|x64
		Release|x86 = Release|x86
	EndGlobalSection
	GlobalSection(SolutionProperties) = preSolution
		HideSolutionNode = FALSE
	EndGlobalSection
	GlobalSection(ProjectConfigurationPlatforms) = postSolution
		{3321230E-AF40-4019-8F9D-A5EEA2A3C759}.Debug|Any CPU.ActiveCfg = Debug|Any CPU
		{3321230E-AF40-4019-8F9D-A5EEA2A3C759}.Debug|Any CPU.Build.0 = Debug|Any CPU
		{3321230E-AF40-4019-8F9D-A5EEA2A3C759}.Debug|x64.ActiveCfg = Debug|Any CPU
		{3321230E-AF40-4019-8F9D-A5EEA2A3C759}.Debug|x64.Build.0 = Debug|Any CPU
		{3321230E-AF40-4019-8F9D-A5EEA2A3C759}.Debug|x86.ActiveCfg = Debug|Any CPU
		{3321230E-AF40-4019-8F9D-A5EEA2A3C759}.Debug|x86.Build.0 = Debug|Any CPU
		{3321230E-AF40-4019-8F9D-A5EEA2A3C759}.Release|Any CPU.ActiveCfg = Release|Any CPU
		{3321230E-AF40-4019-8F9D-A5EEA2A3C759}.Release|Any CPU.Build.0 = Release|Any CPU
		{3321230E-AF40-4019-8F9D-A5EEA2A3C759}.Release|x64.ActiveCfg = Release|Any CPU
		{3321230E-AF40-4019-8F9D-A5EEA2A3C759}.Release|x64.Build.0 = Release|Any CPU
		{3321230E-AF40-4019-8F9D-A5EEA2A3C759}.Release|x86.ActiveCfg = Release|Any CPU
		{3321230E-AF40-4019-8F9D-A5EEA2A3C759}.Release|x86.Build.0 = Release|Any CPU
		{87AA8235-C1E8-4A2F-96FA-C50644A9CA39}.Debug|Any CPU.ActiveCfg = Debug|Any CPU
		{87AA8235-C1E8-4A2F-96FA-C50644A9CA39}.Debug|Any CPU.Build.0 = Debug|Any CPU
		{87AA8235-C1E8-4A2F-96FA-C50644A9CA39}.Debug|x64.ActiveCfg = Debug|Any CPU
		{87AA8235-C1E8-4A2F-96FA-C50644A9CA39}.Debug|x64.Build.0 = Debug|Any CPU
		{87AA8235-C1E8-4A2F-96FA-C50644A9CA39}.Debug|x86.ActiveCfg = Debug|Any CPU
		{87AA8235-C1E8-4A2F-96FA-C50644A9CA39}.Debug|x86.Build.0 = Debug|Any CPU
		{87AA8235-C1E8-4A2F-96FA-C50644A9CA39}.Release|Any CPU.ActiveCfg = Release|Any CPU
		{87AA8235-C1E8-4A2F-96FA-C50644A9CA39}.Release|Any CPU.Build.0 = Release|Any CPU
		{87AA8235-C1E8-4A2F-96FA-C50644A9CA39}.Release|x64.ActiveCfg = Release|Any CPU
		{87AA8235-C1E8-4A2F-96FA-C50644A9CA39}.Release|x64.Build.0 = Release|Any CPU
		{87AA8235-C1E8-4A2F-96FA-C50644A9CA39}.Release|x86.ActiveCfg = Release|Any CPU
		{87AA8235-C1E8-4A2F-96FA-C50644A9CA39}.Release|x86.Build.0 = Release|Any CPU
		{5AF91D3C-27D3-4B1A-8D88-AFD3E977AFF1}.Debug|Any CPU.ActiveCfg = Debug|Any CPU
		{5AF91D3C-27D3-4B1A-8D88-AFD3E977AFF1}.Debug|Any CPU.Build.0 = Debug|Any CPU
		{5AF91D3C-27D3-4B1A-8D88-AFD3E977AFF1}.Debug|x64.ActiveCfg = Debug|Any CPU
		{5AF91D3C-27D3-4B1A-8D88-AFD3E977AFF1}.Debug|x64.Build.0 = Debug|Any CPU
		{5AF91D3C-27D3-4B1A-8D88-AFD3E977AFF1}.Debug|x86.ActiveCfg = Debug|Any CPU
		{5AF91D3C-27D3-4B1A-8D88-AFD3E977AFF1}.Debug|x86.Build.0 = Debug|Any CPU
		{5AF91D3C-27D3-4B1A-8D88-AFD3E977AFF1}.Release|Any CPU.ActiveCfg = Release|Any CPU
		{5AF91D3C-27D3-4B1A-8D88-AFD3E977AFF1}.Release|Any CPU.Build.0 = Release|Any CPU
		{5AF91D3C-27D3-4B1A-8D88-AFD3E977AFF1}.Release|x64.ActiveCfg = Release|Any CPU
		{5AF91D3C-27D3-4B1A-8D88-AFD3E977AFF1}.Release|x64.Build.0 = Release|Any CPU
		{5AF91D3C-27D3-4B1A-8D88-AFD3E977AFF1}.Release|x86.ActiveCfg = Release|Any CPU
		{5AF91D3C-27D3-4B1A-8D88-AFD3E977AFF1}.Release|x86.Build.0 = Release|Any CPU
	EndGlobalSection
	GlobalSection(NestedProjects) = preSolution
		{3321230E-AF40-4019-8F9D-A5EEA2A3C759} = {2E0E1782-7C75-4AB1-9752-B14B5AAB51BA}
		{AFC229EC-88E3-4AC8-A7CC-CED91872032F} = {2E0E1782-7C75-4AB1-9752-B14B5AAB51BA}
		{87AA8235-C1E8-4A2F-96FA-C50644A9CA39} = {AFC229EC-88E3-4AC8-A7CC-CED91872032F}
		{83674AD8-712D-4A67-B790-66325E81FD54} = {2E0E1782-7C75-4AB1-9752-B14B5AAB51BA}
		{5AF91D3C-27D3-4B1A-8D88-AFD3E977AFF1} = {83674AD8-712D-4A67-B790-66325E81FD54}
	EndGlobalSection
EndGlobal
